{
  "version": 4,
  "terraform_version": "1.4.4",
  "serial": 7,
  "lineage": "9929f057-65f9-fdcf-9d66-c9ea8dc61cd7",
  "outputs": {},
  "resources": [
    {
      "mode": "managed",
      "type": "aws_instance",
      "name": "myec2",
      "provider": "provider[\"registry.terraform.io/hashicorp/aws\"]",
      "instances": [
        {
          "schema_version": 1,
          "attributes": {
            "ami": "ami-0fa1de1d60de6a97e",
            "arn": "arn:aws:ec2:us-east-1:265915233350:instance/i-0c8c40304e0cd8802",
            "associate_public_ip_address": true,
            "availability_zone": "us-east-1c",
            "capacity_reservation_specification": [
              {
                "capacity_reservation_preference": "open",
                "capacity_reservation_target": []
              }
            ],
            "cpu_core_count": 1,
            "cpu_threads_per_core": 1,
            "credit_specification": [
              {
                "cpu_credits": "standard"
              }
            ],
            "disable_api_stop": false,
            "disable_api_termination": false,
            "ebs_block_device": [],
            "ebs_optimized": false,
            "enclave_options": [
              {
                "enabled": false
              }
            ],
            "ephemeral_block_device": [],
            "get_password_data": false,
            "hibernation": false,
            "host_id": "",
            "host_resource_group_arn": null,
            "iam_instance_profile": "",
            "id": "i-0c8c40304e0cd8802",
            "instance_initiated_shutdown_behavior": "stop",
            "instance_state": "running",
            "instance_type": "t2.micro",
            "ipv6_address_count": 0,
            "ipv6_addresses": [],
            "key_name": "ram",
            "launch_template": [],
            "maintenance_options": [
              {
                "auto_recovery": "default"
              }
            ],
            "metadata_options": [
              {
                "http_endpoint": "enabled",
                "http_put_response_hop_limit": 1,
                "http_tokens": "optional",
                "instance_metadata_tags": "disabled"
              }
            ],
            "monitoring": false,
            "network_interface": [],
            "outpost_arn": "",
            "password_data": "",
            "placement_group": "",
            "placement_partition_number": 0,
            "primary_network_interface_id": "eni-0329874ff2f30f1f3",
            "private_dns": "ip-172-31-92-40.ec2.internal",
            "private_dns_name_options": [
              {
                "enable_resource_name_dns_a_record": false,
                "enable_resource_name_dns_aaaa_record": false,
                "hostname_type": "ip-name"
              }
            ],
            "private_ip": "172.31.92.40",
            "public_dns": "ec2-54-227-220-48.compute-1.amazonaws.com",
            "public_ip": "54.227.220.48",
            "root_block_device": [
              {
                "delete_on_termination": true,
                "device_name": "/dev/xvda",
                "encrypted": false,
                "iops": 100,
                "kms_key_id": "",
                "tags": {},
                "throughput": 0,
                "volume_id": "vol-0ef0aac6e3ece05d0",
                "volume_size": 8,
                "volume_type": "gp2"
              }
            ],
            "secondary_private_ips": [],
            "security_groups": [
              "default"
            ],
            "source_dest_check": true,
            "subnet_id": "subnet-0a048b2bb6296e8f5",
            "tags": {
              "Name": "terragenerated"
            },
            "tags_all": {
              "Name": "terragenerated"
            },
            "tenancy": "default",
            "timeouts": null,
            "user_data": null,
            "user_data_base64": null,
            "user_data_replace_on_change": false,
            "volume_tags": null,
            "vpc_security_group_ids": [
              "sg-0fa3afede2493231c"
            ]
          },
          "sensitive_attributes": [],
          "private": "eyJlMmJmYjczMC1lY2FhLTExZTYtOGY4OC0zNDM2M2JjN2M0YzAiOnsiY3JlYXRlIjo2MDAwMDAwMDAwMDAsImRlbGV0ZSI6MTIwMDAwMDAwMDAwMCwidXBkYXRlIjo2MDAwMDAwMDAwMDB9LCJzY2hlbWFfdmVyc2lvbiI6IjEifQ==",
          "dependencies": [
            "aws_key_pair.mykey"
          ]
        }
      ]
    },
    {
      "mode": "managed",
      "type": "aws_key_pair",
      "name": "mykey",
      "provider": "provider[\"registry.terraform.io/hashicorp/aws\"]",
      "instances": [
        {
          "schema_version": 1,
          "attributes": {
            "arn": "arn:aws:ec2:us-east-1:265915233350:key-pair/ram",
            "fingerprint": "69:c8:91:69:b9:99:46:a9:99:76:d2:11:6c:7a:10:fa",
            "id": "ram",
            "key_name": "ram",
            "key_name_prefix": "",
            "key_pair_id": "key-0023ce1203a2d8236",
            "key_type": "rsa",
            "public_key": "ssh-rsa AAAAB3NzaC1yc2EAAAADAQABAAABgQDNYyNCPRm8aBncqtTf+rrgKGsz7CuvghtF/MVe3s2Aa4oYQoWeYbpm519RW2P6woAx88R19zBQG12A3lQrIIE/nUpDkbL5JLCLfKRqgxu19/rU/CMdB13qEcXLvBOy/FcJHzEBHkiMLIKd5+iubzMNmlJkV1DM+0VwjDowYD4qXFUCG7ar1Lro5Gg1s4YXLUNLIKva292PLoVp+iHoTrnBnBIVJQ4fH305vrXH5hb+/IY216YzdMgPtF6JG+ptAHD4HDMqIXHKllm/XrH+TI05tpo49DfHTREV2QGe8Fs/RaMUYmdK+e/gEsp6kWxNXvIWepIGlPU5S08dzOk937GIlIJ1UKTXVL1SHKLZXz5qmbukheMKT0D+1bsV5cQB+TIiruVXmoIyRW9O3A3nFfIq8svoLyXFvVVuB2JHGLwY0phdnGEl71h0qL8Iig9n+S0+DEu4CI5lxbSs2EankYrd0JBgA05M6Kb4364nC8dANw57hiA6nIY7oO0W/wB07Wk= sola@divum.in",
            "tags": null,
            "tags_all": {}
          },
          "sensitive_attributes": [],
          "private": "eyJzY2hlbWFfdmVyc2lvbiI6IjEifQ=="
        }
      ]
    }
  ],
  "check_results": null
}
