{
  "version": 4,
  "terraform_version": "1.4.4",
  "serial": 73,
  "lineage": "8ac847ad-81e7-c7dc-012d-f20243af989d",
  "outputs": {},
  "resources": [
    {
      "mode": "managed",
      "type": "aws_key_pair",
      "name": "mykey",
      "provider": "provider[\"registry.terraform.io/hashicorp/aws\"]",
      "instances": [
        {
          "index_key": "bam",
          "schema_version": 1,
          "attributes": {
            "arn": "arn:aws:ec2:us-east-1:265915233350:key-pair/bam",
            "fingerprint": "b3:57:91:63:fe:59:98:24:57:a8:e3:41:5f:64:a1:09",
            "id": "bam",
            "key_name": "bam",
            "key_name_prefix": "",
            "key_pair_id": "key-09ce30142b7580055",
            "key_type": "rsa",
            "public_key": "ssh-rsa AAAAB3NzaC1yc2EAAAADAQABAAABAQD3FFkDmlZ1z8hN/VQbn9dxeSMh0GS9+NGFdEVjdcpcZmA0cU/iIqMBi7tWU9q3mhvBZChaEA9TkqWvywFzokmOhDwG+gC4JSYfDqRU5L+iUIgi4B1EpFHbfakAHGy9XF9Hqyf+pvJp6v/mm2EnVMiTsBUneTts+uG+agi7NO933HY5zgnUxZzMv0Ua7jzw8V1tXnVmhwdU5/gnSMo2JUlEx5bEit6eTlzZHk/wjetN9nSycT9gk3PG5ESNr74VQE8SdgId5MLBvBJg29X1lBtblxlUxThul3h8BqBCClHIFo9PADWl3kS5nm7zBYrivf9fm5g6YH4o4XPqpELXIGYp ec2-user@terraform",
            "tags": null,
            "tags_all": {}
          },
          "sensitive_attributes": [],
          "private": "eyJzY2hlbWFfdmVyc2lvbiI6IjEifQ=="
        },
        {
          "index_key": "mam",
          "schema_version": 1,
          "attributes": {
            "arn": "arn:aws:ec2:us-east-1:265915233350:key-pair/mam",
            "fingerprint": "c7:94:c7:dd:0c:09:07:5e:7c:05:3b:ed:d7:1b:31:ec",
            "id": "mam",
            "key_name": "mam",
            "key_name_prefix": "",
            "key_pair_id": "key-038acd06576903d22",
            "key_type": "rsa",
            "public_key": "ssh-rsa AAAAB3NzaC1yc2EAAAADAQABAAABAQDBQsPh4e+h3Z4hI3yTqNuG8XvBXBAZEN7LyNexm9NsNoOokUm1ZB+CJ/XND2qZQKD5tkYEw6lwYcwOdEgUo2D+W2rM0lO/Ajg7xStiFSDMFWXoQ8/L+Vh7ZZJThE66ff7xr6fCJcO0lCbfRFawL0XspP45GXcaPtBsSWRV1IEWHAtqM8P0IXeIzAfI5K8grJlaSp2yKR/4DLLoGmCzHVBRk9FdxPr6X5XjkOsXz/0vmPSwCpU81xJk0+AsTp5skjZCTzV/PLTvzVvBvDmYShdFsuzQ5yTPF2gHoh1K4KXnKl1w04XWNm18ootETwbjQMnv6LHKVpEnd+oz5dscdi/h ec2-user@terraform",
            "tags": null,
            "tags_all": {}
          },
          "sensitive_attributes": [],
          "private": "eyJzY2hlbWFfdmVyc2lvbiI6IjEifQ=="
        },
        {
          "index_key": "ram",
          "schema_version": 1,
          "attributes": {
            "arn": "arn:aws:ec2:us-east-1:265915233350:key-pair/ram",
            "fingerprint": "68:53:44:01:74:14:76:2f:a0:78:c4:24:fc:ec:69:e3",
            "id": "ram",
            "key_name": "ram",
            "key_name_prefix": "",
            "key_pair_id": "key-06e0c22af20d8c5ca",
            "key_type": "rsa",
            "public_key": "ssh-rsa AAAAB3NzaC1yc2EAAAADAQABAAABAQDhs7cKOUxkj9jkzPZvdu2NNnAw41wjCpLCnbzIm/8TRQ7TahiyHv3YnJObUJh2TgRS4M/92P8uiT+RI+BAaB8QrYAM5SueszVeneI7l0YLoCw2RnI3ytY+NgnibxMTDITaoJGXCQ1BSpJMHROD6XUqz/yYdJkO93UHDmnbn8QnTfxTD7mGNDnzpu65be6hDqkh7OCsrUnm2sRIywJklyDghG9YRRm0pYw74JTB47CiflA+q30AMn4Un7so4ZoTK9Nyy3XwrhRgqnpM/YJtylts92F2N0+QPoTB6knOx2BJwrMMOjp8p7NtBViSSbEj1BHFh9ZUKFyobe62aR1KzpK9 ec2-user@terraform",
            "tags": null,
            "tags_all": {}
          },
          "sensitive_attributes": [],
          "private": "eyJzY2hlbWFfdmVyc2lvbiI6IjEifQ=="
        }
      ]
    }
  ],
  "check_results": null
}
